
Microsoft Visual Studio Solution File, Format Version 12.00
# Visual Studio Version 17
VisualStudioVersion = 17.11.35327.3
MinimumVisualStudioVersion = 10.0.40219.1
Project("{FAE04EC0-301F-11D3-BF4B-00C04F79EFBC}") = "Exe21", "Exe21.csproj", "{58FCDFF4-7F86-41A4-A24B-CA15A04EB47E}"
EndProject
Global
	GlobalSection(SolutionConfigurationPlatforms) = preSolution
		Debug|Any CPU = Debug|Any CPU
		Release|Any CPU = Release|Any CPU
	EndGlobalSection
	GlobalSection(ProjectConfigurationPlatforms) = postSolution
		{58FCDFF4-7F86-41A4-A24B-CA15A04EB47E}.Debug|Any CPU.ActiveCfg = Debug|Any CPU
		{58FCDFF4-7F86-41A4-A24B-CA15A04EB47E}.Debug|Any CPU.Build.0 = Debug|Any CPU
		{58FCDFF4-7F86-41A4-A24B-CA15A04EB47E}.Release|Any CPU.ActiveCfg = Release|Any CPU
		{58FCDFF4-7F86-41A4-A24B-CA15A04EB47E}.Release|Any CPU.Build.0 = Release|Any CPU
	EndGlobalSection
	GlobalSection(SolutionProperties) = preSolution
		HideSolutionNode = FALSE
	EndGlobalSection
	GlobalSection(ExtensibilityGlobals) = postSolution
		SolutionGuid = {64F7B94A-4CD3-49F7-9243-E93F3CB813B6}
	EndGlobalSection
EndGlobal
