
Microsoft Visual Studio Solution File, Format Version 12.00
# Visual Studio Version 17
VisualStudioVersion = 17.11.35327.3
MinimumVisualStudioVersion = 10.0.40219.1
Project("{FAE04EC0-301F-11D3-BF4B-00C04F79EFBC}") = "Exe001", "Exe001.csproj", "{2A03101D-22A3-406B-A2AA-521505EDB051}"
EndProject
Global
	GlobalSection(SolutionConfigurationPlatforms) = preSolution
		Debug|Any CPU = Debug|Any CPU
		Release|Any CPU = Release|Any CPU
	EndGlobalSection
	GlobalSection(ProjectConfigurationPlatforms) = postSolution
		{2A03101D-22A3-406B-A2AA-521505EDB051}.Debug|Any CPU.ActiveCfg = Debug|Any CPU
		{2A03101D-22A3-406B-A2AA-521505EDB051}.Debug|Any CPU.Build.0 = Debug|Any CPU
		{2A03101D-22A3-406B-A2AA-521505EDB051}.Release|Any CPU.ActiveCfg = Release|Any CPU
		{2A03101D-22A3-406B-A2AA-521505EDB051}.Release|Any CPU.Build.0 = Release|Any CPU
	EndGlobalSection
	GlobalSection(SolutionProperties) = preSolution
		HideSolutionNode = FALSE
	EndGlobalSection
	GlobalSection(ExtensibilityGlobals) = postSolution
		SolutionGuid = {7A85112B-98ED-4C14-B640-7924010D9323}
	EndGlobalSection
EndGlobal
