
Microsoft Visual Studio Solution File, Format Version 12.00
# Visual Studio Version 17
VisualStudioVersion = 17.11.35327.3
MinimumVisualStudioVersion = 10.0.40219.1
Project("{FAE04EC0-301F-11D3-BF4B-00C04F79EFBC}") = "Métodos 3", "Métodos 3.csproj", "{EE6CEE7B-047C-41DE-804C-916537518564}"
EndProject
Global
	GlobalSection(SolutionConfigurationPlatforms) = preSolution
		Debug|Any CPU = Debug|Any CPU
		Release|Any CPU = Release|Any CPU
	EndGlobalSection
	GlobalSection(ProjectConfigurationPlatforms) = postSolution
		{EE6CEE7B-047C-41DE-804C-916537518564}.Debug|Any CPU.ActiveCfg = Debug|Any CPU
		{EE6CEE7B-047C-41DE-804C-916537518564}.Debug|Any CPU.Build.0 = Debug|Any CPU
		{EE6CEE7B-047C-41DE-804C-916537518564}.Release|Any CPU.ActiveCfg = Release|Any CPU
		{EE6CEE7B-047C-41DE-804C-916537518564}.Release|Any CPU.Build.0 = Release|Any CPU
	EndGlobalSection
	GlobalSection(SolutionProperties) = preSolution
		HideSolutionNode = FALSE
	EndGlobalSection
	GlobalSection(ExtensibilityGlobals) = postSolution
		SolutionGuid = {AC44150C-003F-4AB4-8746-25B20BF217F0}
	EndGlobalSection
EndGlobal
