
Microsoft Visual Studio Solution File, Format Version 12.00
# Visual Studio Version 17
VisualStudioVersion = 17.11.35327.3
MinimumVisualStudioVersion = 10.0.40219.1
Project("{FAE04EC0-301F-11D3-BF4B-00C04F79EFBC}") = "Escrever", "Escrever.csproj", "{9272E7FB-0328-4A98-BECE-4D76ED895908}"
EndProject
Global
	GlobalSection(SolutionConfigurationPlatforms) = preSolution
		Debug|Any CPU = Debug|Any CPU
		Release|Any CPU = Release|Any CPU
	EndGlobalSection
	GlobalSection(ProjectConfigurationPlatforms) = postSolution
		{9272E7FB-0328-4A98-BECE-4D76ED895908}.Debug|Any CPU.ActiveCfg = Debug|Any CPU
		{9272E7FB-0328-4A98-BECE-4D76ED895908}.Debug|Any CPU.Build.0 = Debug|Any CPU
		{9272E7FB-0328-4A98-BECE-4D76ED895908}.Release|Any CPU.ActiveCfg = Release|Any CPU
		{9272E7FB-0328-4A98-BECE-4D76ED895908}.Release|Any CPU.Build.0 = Release|Any CPU
	EndGlobalSection
	GlobalSection(SolutionProperties) = preSolution
		HideSolutionNode = FALSE
	EndGlobalSection
	GlobalSection(ExtensibilityGlobals) = postSolution
		SolutionGuid = {19855046-933D-4E5B-A487-961A672B7314}
	EndGlobalSection
EndGlobal
