
Microsoft Visual Studio Solution File, Format Version 12.00
# Visual Studio Version 17
VisualStudioVersion = 17.11.35327.3
MinimumVisualStudioVersion = 10.0.40219.1
Project("{FAE04EC0-301F-11D3-BF4B-00C04F79EFBC}") = "Métodos certo", "Métodos certo.csproj", "{3EC94E88-F48F-49BA-B553-616DA8141412}"
EndProject
Global
	GlobalSection(SolutionConfigurationPlatforms) = preSolution
		Debug|Any CPU = Debug|Any CPU
		Release|Any CPU = Release|Any CPU
	EndGlobalSection
	GlobalSection(ProjectConfigurationPlatforms) = postSolution
		{3EC94E88-F48F-49BA-B553-616DA8141412}.Debug|Any CPU.ActiveCfg = Debug|Any CPU
		{3EC94E88-F48F-49BA-B553-616DA8141412}.Debug|Any CPU.Build.0 = Debug|Any CPU
		{3EC94E88-F48F-49BA-B553-616DA8141412}.Release|Any CPU.ActiveCfg = Release|Any CPU
		{3EC94E88-F48F-49BA-B553-616DA8141412}.Release|Any CPU.Build.0 = Release|Any CPU
	EndGlobalSection
	GlobalSection(SolutionProperties) = preSolution
		HideSolutionNode = FALSE
	EndGlobalSection
	GlobalSection(ExtensibilityGlobals) = postSolution
		SolutionGuid = {2326AEB5-E36B-4469-9FAE-815FBE2B94B2}
	EndGlobalSection
EndGlobal
