
Microsoft Visual Studio Solution File, Format Version 12.00
# Visual Studio Version 17
VisualStudioVersion = 17.11.35327.3
MinimumVisualStudioVersion = 10.0.40219.1
Project("{FAE04EC0-301F-11D3-BF4B-00C04F79EFBC}") = "Exe002", "Exe002.csproj", "{0FC5D107-4528-4BA6-9ED1-CC659BB145B2}"
EndProject
Global
	GlobalSection(SolutionConfigurationPlatforms) = preSolution
		Debug|Any CPU = Debug|Any CPU
		Release|Any CPU = Release|Any CPU
	EndGlobalSection
	GlobalSection(ProjectConfigurationPlatforms) = postSolution
		{0FC5D107-4528-4BA6-9ED1-CC659BB145B2}.Debug|Any CPU.ActiveCfg = Debug|Any CPU
		{0FC5D107-4528-4BA6-9ED1-CC659BB145B2}.Debug|Any CPU.Build.0 = Debug|Any CPU
		{0FC5D107-4528-4BA6-9ED1-CC659BB145B2}.Release|Any CPU.ActiveCfg = Release|Any CPU
		{0FC5D107-4528-4BA6-9ED1-CC659BB145B2}.Release|Any CPU.Build.0 = Release|Any CPU
	EndGlobalSection
	GlobalSection(SolutionProperties) = preSolution
		HideSolutionNode = FALSE
	EndGlobalSection
	GlobalSection(ExtensibilityGlobals) = postSolution
		SolutionGuid = {020E8B5A-6AEE-4F2E-BE7B-5B0C0FC2B530}
	EndGlobalSection
EndGlobal
